
Microsoft Visual Studio Solution File, Format Version 12.00
# Visual Studio 2012
Project("{FAE04EC0-301F-11D3-BF4B-00C04F79EFBC}") = "1", "1\1.csproj", "{F9B43EEC-AAF8-4ABE-81C2-79934A16441A}"
EndProject
Project("{FAE04EC0-301F-11D3-BF4B-00C04F79EFBC}") = "2", "2\2.csproj", "{4DD1EC26-4CDC-4E12-8B61-6374E2142412}"
EndProject
Project("{FAE04EC0-301F-11D3-BF4B-00C04F79EFBC}") = "3", "3\3.csproj", "{51F0E867-6589-441E-B4A1-87589F8BB955}"
EndProject
Project("{FAE04EC0-301F-11D3-BF4B-00C04F79EFBC}") = "4. Sequence", "4\4. Sequence.csproj", "{FEAC13EF-D010-4EE0-9022-55EA7994C71F}"
EndProject
Project("{FAE04EC0-301F-11D3-BF4B-00C04F79EFBC}") = "5. Sequence2", "5. Sequence2\5. Sequence2.csproj", "{98767CC4-2993-47AE-A1E9-F3EE37BC7AEF}"
EndProject
Project("{FAE04EC0-301F-11D3-BF4B-00C04F79EFBC}") = "6. MaxSum", "6. MaxSum\6. MaxSum.csproj", "{1E2226E3-2F37-47BA-BB48-D5F973734EF4}"
EndProject
Project("{FAE04EC0-301F-11D3-BF4B-00C04F79EFBC}") = "7. Selection sort", "7. Selection sort\7. Selection sort.csproj", "{4AB39A34-CF22-4A12-A2A0-4E90EA336671}"
EndProject
Project("{FAE04EC0-301F-11D3-BF4B-00C04F79EFBC}") = "8. MaxSum", "8\8. MaxSum.csproj", "{8A6E1A2B-20DE-48D9-87E1-B5AA3999C64F}"
EndProject
Project("{FAE04EC0-301F-11D3-BF4B-00C04F79EFBC}") = "9", "9\9.csproj", "{AFFEE7C6-BBEA-428F-9F24-613EA1E198A5}"
EndProject
Project("{FAE04EC0-301F-11D3-BF4B-00C04F79EFBC}") = "10", "10\10.csproj", "{28365FEC-AFDE-432A-ABC0-72A9B285A268}"
EndProject
Project("{FAE04EC0-301F-11D3-BF4B-00C04F79EFBC}") = "11. BinarySearch", "11. FindIndex\11. BinarySearch.csproj", "{5D64E063-BA39-4BBB-A971-A73872DD2292}"
EndProject
Project("{FAE04EC0-301F-11D3-BF4B-00C04F79EFBC}") = "12", "12\12.csproj", "{0ED7B62D-1848-4CB8-87B5-D4EBDCD172ED}"
EndProject
Project("{FAE04EC0-301F-11D3-BF4B-00C04F79EFBC}") = "13. MergeSort", "13. MergeSort\13. MergeSort.csproj", "{29408419-D33A-41B6-B361-B4EBDBC89A5E}"
EndProject
Project("{FAE04EC0-301F-11D3-BF4B-00C04F79EFBC}") = "14. QuickSort", "14. QuickSort\14. QuickSort.csproj", "{223BEAD9-AC29-41DF-9826-845048A662AE}"
EndProject
Project("{FAE04EC0-301F-11D3-BF4B-00C04F79EFBC}") = "15. Eratosthenes", "15. Eratosthenes\15. Eratosthenes.csproj", "{A5E73943-AB09-415E-8017-570DF9E8F5CA}"
EndProject
Project("{FAE04EC0-301F-11D3-BF4B-00C04F79EFBC}") = "16. SubsetSum", "16. SubsetSum\16. SubsetSum.csproj", "{2C48F54E-648D-4125-8871-600802BCB4DD}"
EndProject
Project("{FAE04EC0-301F-11D3-BF4B-00C04F79EFBC}") = "17. SubSet2", "17. SubSet2\17. SubSet2.csproj", "{C4435BDF-51A8-4294-92F8-A6E8113D197B}"
EndProject
Project("{FAE04EC0-301F-11D3-BF4B-00C04F79EFBC}") = "18. IncreasingElements", "18. IncreasingElements\18. IncreasingElements.csproj", "{F73F37F6-18BA-4657-B16B-B11838BA5F66}"
EndProject
Global
	GlobalSection(SolutionConfigurationPlatforms) = preSolution
		Debug|Any CPU = Debug|Any CPU
		Release|Any CPU = Release|Any CPU
	EndGlobalSection
	GlobalSection(ProjectConfigurationPlatforms) = postSolution
		{F9B43EEC-AAF8-4ABE-81C2-79934A16441A}.Debug|Any CPU.ActiveCfg = Debug|Any CPU
		{F9B43EEC-AAF8-4ABE-81C2-79934A16441A}.Debug|Any CPU.Build.0 = Debug|Any CPU
		{F9B43EEC-AAF8-4ABE-81C2-79934A16441A}.Release|Any CPU.ActiveCfg = Release|Any CPU
		{F9B43EEC-AAF8-4ABE-81C2-79934A16441A}.Release|Any CPU.Build.0 = Release|Any CPU
		{4DD1EC26-4CDC-4E12-8B61-6374E2142412}.Debug|Any CPU.ActiveCfg = Debug|Any CPU
		{4DD1EC26-4CDC-4E12-8B61-6374E2142412}.Debug|Any CPU.Build.0 = Debug|Any CPU
		{4DD1EC26-4CDC-4E12-8B61-6374E2142412}.Release|Any CPU.ActiveCfg = Release|Any CPU
		{4DD1EC26-4CDC-4E12-8B61-6374E2142412}.Release|Any CPU.Build.0 = Release|Any CPU
		{51F0E867-6589-441E-B4A1-87589F8BB955}.Debug|Any CPU.ActiveCfg = Debug|Any CPU
		{51F0E867-6589-441E-B4A1-87589F8BB955}.Debug|Any CPU.Build.0 = Debug|Any CPU
		{51F0E867-6589-441E-B4A1-87589F8BB955}.Release|Any CPU.ActiveCfg = Release|Any CPU
		{51F0E867-6589-441E-B4A1-87589F8BB955}.Release|Any CPU.Build.0 = Release|Any CPU
		{FEAC13EF-D010-4EE0-9022-55EA7994C71F}.Debug|Any CPU.ActiveCfg = Debug|Any CPU
		{FEAC13EF-D010-4EE0-9022-55EA7994C71F}.Debug|Any CPU.Build.0 = Debug|Any CPU
		{FEAC13EF-D010-4EE0-9022-55EA7994C71F}.Release|Any CPU.ActiveCfg = Release|Any CPU
		{FEAC13EF-D010-4EE0-9022-55EA7994C71F}.Release|Any CPU.Build.0 = Release|Any CPU
		{98767CC4-2993-47AE-A1E9-F3EE37BC7AEF}.Debug|Any CPU.ActiveCfg = Debug|Any CPU
		{98767CC4-2993-47AE-A1E9-F3EE37BC7AEF}.Debug|Any CPU.Build.0 = Debug|Any CPU
		{98767CC4-2993-47AE-A1E9-F3EE37BC7AEF}.Release|Any CPU.ActiveCfg = Release|Any CPU
		{98767CC4-2993-47AE-A1E9-F3EE37BC7AEF}.Release|Any CPU.Build.0 = Release|Any CPU
		{1E2226E3-2F37-47BA-BB48-D5F973734EF4}.Debug|Any CPU.ActiveCfg = Debug|Any CPU
		{1E2226E3-2F37-47BA-BB48-D5F973734EF4}.Debug|Any CPU.Build.0 = Debug|Any CPU
		{1E2226E3-2F37-47BA-BB48-D5F973734EF4}.Release|Any CPU.ActiveCfg = Release|Any CPU
		{1E2226E3-2F37-47BA-BB48-D5F973734EF4}.Release|Any CPU.Build.0 = Release|Any CPU
		{4AB39A34-CF22-4A12-A2A0-4E90EA336671}.Debug|Any CPU.ActiveCfg = Debug|Any CPU
		{4AB39A34-CF22-4A12-A2A0-4E90EA336671}.Debug|Any CPU.Build.0 = Debug|Any CPU
		{4AB39A34-CF22-4A12-A2A0-4E90EA336671}.Release|Any CPU.ActiveCfg = Release|Any CPU
		{4AB39A34-CF22-4A12-A2A0-4E90EA336671}.Release|Any CPU.Build.0 = Release|Any CPU
		{8A6E1A2B-20DE-48D9-87E1-B5AA3999C64F}.Debug|Any CPU.ActiveCfg = Debug|Any CPU
		{8A6E1A2B-20DE-48D9-87E1-B5AA3999C64F}.Debug|Any CPU.Build.0 = Debug|Any CPU
		{8A6E1A2B-20DE-48D9-87E1-B5AA3999C64F}.Release|Any CPU.ActiveCfg = Release|Any CPU
		{8A6E1A2B-20DE-48D9-87E1-B5AA3999C64F}.Release|Any CPU.Build.0 = Release|Any CPU
		{AFFEE7C6-BBEA-428F-9F24-613EA1E198A5}.Debug|Any CPU.ActiveCfg = Debug|Any CPU
		{AFFEE7C6-BBEA-428F-9F24-613EA1E198A5}.Debug|Any CPU.Build.0 = Debug|Any CPU
		{AFFEE7C6-BBEA-428F-9F24-613EA1E198A5}.Release|Any CPU.ActiveCfg = Release|Any CPU
		{AFFEE7C6-BBEA-428F-9F24-613EA1E198A5}.Release|Any CPU.Build.0 = Release|Any CPU
		{28365FEC-AFDE-432A-ABC0-72A9B285A268}.Debug|Any CPU.ActiveCfg = Debug|Any CPU
		{28365FEC-AFDE-432A-ABC0-72A9B285A268}.Debug|Any CPU.Build.0 = Debug|Any CPU
		{28365FEC-AFDE-432A-ABC0-72A9B285A268}.Release|Any CPU.ActiveCfg = Release|Any CPU
		{28365FEC-AFDE-432A-ABC0-72A9B285A268}.Release|Any CPU.Build.0 = Release|Any CPU
		{5D64E063-BA39-4BBB-A971-A73872DD2292}.Debug|Any CPU.ActiveCfg = Debug|Any CPU
		{5D64E063-BA39-4BBB-A971-A73872DD2292}.Debug|Any CPU.Build.0 = Debug|Any CPU
		{5D64E063-BA39-4BBB-A971-A73872DD2292}.Release|Any CPU.ActiveCfg = Release|Any CPU
		{5D64E063-BA39-4BBB-A971-A73872DD2292}.Release|Any CPU.Build.0 = Release|Any CPU
		{0ED7B62D-1848-4CB8-87B5-D4EBDCD172ED}.Debug|Any CPU.ActiveCfg = Debug|Any CPU
		{0ED7B62D-1848-4CB8-87B5-D4EBDCD172ED}.Debug|Any CPU.Build.0 = Debug|Any CPU
		{0ED7B62D-1848-4CB8-87B5-D4EBDCD172ED}.Release|Any CPU.ActiveCfg = Release|Any CPU
		{0ED7B62D-1848-4CB8-87B5-D4EBDCD172ED}.Release|Any CPU.Build.0 = Release|Any CPU
		{29408419-D33A-41B6-B361-B4EBDBC89A5E}.Debug|Any CPU.ActiveCfg = Debug|Any CPU
		{29408419-D33A-41B6-B361-B4EBDBC89A5E}.Debug|Any CPU.Build.0 = Debug|Any CPU
		{29408419-D33A-41B6-B361-B4EBDBC89A5E}.Release|Any CPU.ActiveCfg = Release|Any CPU
		{29408419-D33A-41B6-B361-B4EBDBC89A5E}.Release|Any CPU.Build.0 = Release|Any CPU
		{223BEAD9-AC29-41DF-9826-845048A662AE}.Debug|Any CPU.ActiveCfg = Debug|Any CPU
		{223BEAD9-AC29-41DF-9826-845048A662AE}.Debug|Any CPU.Build.0 = Debug|Any CPU
		{223BEAD9-AC29-41DF-9826-845048A662AE}.Release|Any CPU.ActiveCfg = Release|Any CPU
		{223BEAD9-AC29-41DF-9826-845048A662AE}.Release|Any CPU.Build.0 = Release|Any CPU
		{A5E73943-AB09-415E-8017-570DF9E8F5CA}.Debug|Any CPU.ActiveCfg = Debug|Any CPU
		{A5E73943-AB09-415E-8017-570DF9E8F5CA}.Debug|Any CPU.Build.0 = Debug|Any CPU
		{A5E73943-AB09-415E-8017-570DF9E8F5CA}.Release|Any CPU.ActiveCfg = Release|Any CPU
		{A5E73943-AB09-415E-8017-570DF9E8F5CA}.Release|Any CPU.Build.0 = Release|Any CPU
		{2C48F54E-648D-4125-8871-600802BCB4DD}.Debug|Any CPU.ActiveCfg = Debug|Any CPU
		{2C48F54E-648D-4125-8871-600802BCB4DD}.Debug|Any CPU.Build.0 = Debug|Any CPU
		{2C48F54E-648D-4125-8871-600802BCB4DD}.Release|Any CPU.ActiveCfg = Release|Any CPU
		{2C48F54E-648D-4125-8871-600802BCB4DD}.Release|Any CPU.Build.0 = Release|Any CPU
		{C4435BDF-51A8-4294-92F8-A6E8113D197B}.Debug|Any CPU.ActiveCfg = Debug|Any CPU
		{C4435BDF-51A8-4294-92F8-A6E8113D197B}.Debug|Any CPU.Build.0 = Debug|Any CPU
		{C4435BDF-51A8-4294-92F8-A6E8113D197B}.Release|Any CPU.ActiveCfg = Release|Any CPU
		{C4435BDF-51A8-4294-92F8-A6E8113D197B}.Release|Any CPU.Build.0 = Release|Any CPU
		{F73F37F6-18BA-4657-B16B-B11838BA5F66}.Debug|Any CPU.ActiveCfg = Debug|Any CPU
		{F73F37F6-18BA-4657-B16B-B11838BA5F66}.Debug|Any CPU.Build.0 = Debug|Any CPU
		{F73F37F6-18BA-4657-B16B-B11838BA5F66}.Release|Any CPU.ActiveCfg = Release|Any CPU
		{F73F37F6-18BA-4657-B16B-B11838BA5F66}.Release|Any CPU.Build.0 = Release|Any CPU
	EndGlobalSection
	GlobalSection(SolutionProperties) = preSolution
		HideSolutionNode = FALSE
	EndGlobalSection
EndGlobal
